// !$*UTF8*$!
{
	archiveVersion = 1;
	classes = {
	};
	objectVersion = 56;
	objects = {

/* Begin PBXBuildFile section */
		699E0E9A2A45BDD300BA69D7 /* CarViewModelTests.swift in Sources */ = {isa = PBXBuildFile; fileRef = 699E0E992A45BDD300BA69D7 /* CarViewModelTests.swift */; };
		69D5F8B72A433A2A00EE8537 /* AppDelegate.swift in Sources */ = {isa = PBXBuildFile; fileRef = 69D5F8B62A433A2A00EE8537 /* AppDelegate.swift */; };
		69D5F8BB2A433A2A00EE8537 /* CarViewController.swift in Sources */ = {isa = PBXBuildFile; fileRef = 69D5F8BA2A433A2A00EE8537 /* CarViewController.swift */; };
		69D5F8C02A433A2D00EE8537 /* Assets.xcassets in Resources */ = {isa = PBXBuildFile; fileRef = 69D5F8BF2A433A2D00EE8537 /* Assets.xcassets */; };
		69D5F8C32A433A2D00EE8537 /* LaunchScreen.storyboard in Resources */ = {isa = PBXBuildFile; fileRef = 69D5F8C12A433A2D00EE8537 /* LaunchScreen.storyboard */; };
		69D5F8D82A433A2D00EE8537 /* TrafficLightUITests.swift in Sources */ = {isa = PBXBuildFile; fileRef = 69D5F8D72A433A2D00EE8537 /* TrafficLightUITests.swift */; };
		69D5F8DA2A433A2D00EE8537 /* TrafficLightUITestsLaunchTests.swift in Sources */ = {isa = PBXBuildFile; fileRef = 69D5F8D92A433A2D00EE8537 /* TrafficLightUITestsLaunchTests.swift */; };
		69D5F8EB2A4378FA00EE8537 /* CarViewModel.swift in Sources */ = {isa = PBXBuildFile; fileRef = 69D5F8EA2A4378FA00EE8537 /* CarViewModel.swift */; };
		69D5F8ED2A437BD200EE8537 /* CarCoordinator.swift in Sources */ = {isa = PBXBuildFile; fileRef = 69D5F8EC2A437BD200EE8537 /* CarCoordinator.swift */; };
		69D5F8F02A437F0400EE8537 /* TrafficLightViewController+UI.swift in Sources */ = {isa = PBXBuildFile; fileRef = 69D5F8EF2A437F0400EE8537 /* TrafficLightViewController+UI.swift */; };
		69D5F8F22A437F5300EE8537 /* TrafficLightViewModel.swift in Sources */ = {isa = PBXBuildFile; fileRef = 69D5F8F12A437F5300EE8537 /* TrafficLightViewModel.swift */; };
		69D5F8F42A437F7900EE8537 /* TrafficLightCoordinator.swift in Sources */ = {isa = PBXBuildFile; fileRef = 69D5F8F32A437F7900EE8537 /* TrafficLightCoordinator.swift */; };
		69D5F8F72A4380B900EE8537 /* AppCoordinator.swift in Sources */ = {isa = PBXBuildFile; fileRef = 69D5F8F62A4380B900EE8537 /* AppCoordinator.swift */; };
		69D5F8F92A43942F00EE8537 /* CircleView.swift in Sources */ = {isa = PBXBuildFile; fileRef = 69D5F8F82A43942F00EE8537 /* CircleView.swift */; };
		69D5F8FC2A43AD4500EE8537 /* Observable.swift in Sources */ = {isa = PBXBuildFile; fileRef = 69D5F8FB2A43AD4500EE8537 /* Observable.swift */; };
		69D5F8FE2A446BE900EE8537 /* TimeMonitor.swift in Sources */ = {isa = PBXBuildFile; fileRef = 69D5F8FD2A446BE900EE8537 /* TimeMonitor.swift */; };
		69D5F9012A4483B500EE8537 /* TimeMonitorUsingTimer.swift in Sources */ = {isa = PBXBuildFile; fileRef = 69D5F9002A4483B500EE8537 /* TimeMonitorUsingTimer.swift */; };
		69D5F9032A4483E200EE8537 /* TimeMonitorUsingDispatchQueue.swift in Sources */ = {isa = PBXBuildFile; fileRef = 69D5F9022A4483E200EE8537 /* TimeMonitorUsingDispatchQueue.swift */; };
		69D5F9062A44851200EE8537 /* LightProperty.swift in Sources */ = {isa = PBXBuildFile; fileRef = 69D5F9052A44851200EE8537 /* LightProperty.swift */; };
		69D5F9082A448D3000EE8537 /* TimerMonitorUsingCombine.swift in Sources */ = {isa = PBXBuildFile; fileRef = 69D5F9072A448D3000EE8537 /* TimerMonitorUsingCombine.swift */; };
		69D5F90A2A45A47D00EE8537 /* TrafficLightViewController+StartStop.swift in Sources */ = {isa = PBXBuildFile; fileRef = 69D5F9092A45A47D00EE8537 /* TrafficLightViewController+StartStop.swift */; };
		69D5F90C2A45A6BD00EE8537 /* TrafficLightViewController+Observers.swift in Sources */ = {isa = PBXBuildFile; fileRef = 69D5F90B2A45A6BD00EE8537 /* TrafficLightViewController+Observers.swift */; };
		69D5F90E2A45AEF300EE8537 /* TrafficLightViewModelTests.swift in Sources */ = {isa = PBXBuildFile; fileRef = 69D5F90D2A45AEF300EE8537 /* TrafficLightViewModelTests.swift */; };
/* End PBXBuildFile section */

/* Begin PBXContainerItemProxy section */
		69D5F8CA2A433A2D00EE8537 /* PBXContainerItemProxy */ = {
			isa = PBXContainerItemProxy;
			containerPortal = 69D5F8AB2A433A2A00EE8537 /* Project object */;
			proxyType = 1;
			remoteGlobalIDString = 69D5F8B22A433A2A00EE8537;
			remoteInfo = TrafficLight;
		};
		69D5F8D42A433A2D00EE8537 /* PBXContainerItemProxy */ = {
			isa = PBXContainerItemProxy;
			containerPortal = 69D5F8AB2A433A2A00EE8537 /* Project object */;
			proxyType = 1;
			remoteGlobalIDString = 69D5F8B22A433A2A00EE8537;
			remoteInfo = TrafficLight;
		};
/* End PBXContainerItemProxy section */

/* Begin PBXFileReference section */
		699E0E992A45BDD300BA69D7 /* CarViewModelTests.swift */ = {isa = PBXFileReference; lastKnownFileType = sourcecode.swift; path = CarViewModelTests.swift; sourceTree = "<group>"; };
		69D5F8B32A433A2A00EE8537 /* TrafficLight.app */ = {isa = PBXFileReference; explicitFileType = wrapper.application; includeInIndex = 0; path = TrafficLight.app; sourceTree = BUILT_PRODUCTS_DIR; };
		69D5F8B62A433A2A00EE8537 /* AppDelegate.swift */ = {isa = PBXFileReference; lastKnownFileType = sourcecode.swift; path = AppDelegate.swift; sourceTree = "<group>"; };
		69D5F8BA2A433A2A00EE8537 /* CarViewController.swift */ = {isa = PBXFileReference; lastKnownFileType = sourcecode.swift; path = CarViewController.swift; sourceTree = "<group>"; };
		69D5F8BF2A433A2D00EE8537 /* Assets.xcassets */ = {isa = PBXFileReference; lastKnownFileType = folder.assetcatalog; path = Assets.xcassets; sourceTree = "<group>"; };
		69D5F8C22A433A2D00EE8537 /* Base */ = {isa = PBXFileReference; lastKnownFileType = file.storyboard; name = Base; path = Base.lproj/LaunchScreen.storyboard; sourceTree = "<group>"; };
		69D5F8C42A433A2D00EE8537 /* Info.plist */ = {isa = PBXFileReference; lastKnownFileType = text.plist.xml; path = Info.plist; sourceTree = "<group>"; };
		69D5F8C92A433A2D00EE8537 /* TrafficLightTests.xctest */ = {isa = PBXFileReference; explicitFileType = wrapper.cfbundle; includeInIndex = 0; path = TrafficLightTests.xctest; sourceTree = BUILT_PRODUCTS_DIR; };
		69D5F8D32A433A2D00EE8537 /* TrafficLightUITests.xctest */ = {isa = PBXFileReference; explicitFileType = wrapper.cfbundle; includeInIndex = 0; path = TrafficLightUITests.xctest; sourceTree = BUILT_PRODUCTS_DIR; };
		69D5F8D72A433A2D00EE8537 /* TrafficLightUITests.swift */ = {isa = PBXFileReference; lastKnownFileType = sourcecode.swift; path = TrafficLightUITests.swift; sourceTree = "<group>"; };
		69D5F8D92A433A2D00EE8537 /* TrafficLightUITestsLaunchTests.swift */ = {isa = PBXFileReference; lastKnownFileType = sourcecode.swift; path = TrafficLightUITestsLaunchTests.swift; sourceTree = "<group>"; };
		69D5F8EA2A4378FA00EE8537 /* CarViewModel.swift */ = {isa = PBXFileReference; lastKnownFileType = sourcecode.swift; path = CarViewModel.swift; sourceTree = "<group>"; };
		69D5F8EC2A437BD200EE8537 /* CarCoordinator.swift */ = {isa = PBXFileReference; lastKnownFileType = sourcecode.swift; path = CarCoordinator.swift; sourceTree = "<group>"; };
		69D5F8EF2A437F0400EE8537 /* TrafficLightViewController+UI.swift */ = {isa = PBXFileReference; lastKnownFileType = sourcecode.swift; path = "TrafficLightViewController+UI.swift"; sourceTree = "<group>"; };
		69D5F8F12A437F5300EE8537 /* TrafficLightViewModel.swift */ = {isa = PBXFileReference; lastKnownFileType = sourcecode.swift; path = TrafficLightViewModel.swift; sourceTree = "<group>"; };
		69D5F8F32A437F7900EE8537 /* TrafficLightCoordinator.swift */ = {isa = PBXFileReference; lastKnownFileType = sourcecode.swift; path = TrafficLightCoordinator.swift; sourceTree = "<group>"; };
		69D5F8F62A4380B900EE8537 /* AppCoordinator.swift */ = {isa = PBXFileReference; lastKnownFileType = sourcecode.swift; path = AppCoordinator.swift; sourceTree = "<group>"; };
		69D5F8F82A43942F00EE8537 /* CircleView.swift */ = {isa = PBXFileReference; lastKnownFileType = sourcecode.swift; path = CircleView.swift; sourceTree = "<group>"; };
		69D5F8FB2A43AD4500EE8537 /* Observable.swift */ = {isa = PBXFileReference; lastKnownFileType = sourcecode.swift; path = Observable.swift; sourceTree = "<group>"; };
		69D5F8FD2A446BE900EE8537 /* TimeMonitor.swift */ = {isa = PBXFileReference; lastKnownFileType = sourcecode.swift; path = TimeMonitor.swift; sourceTree = "<group>"; };
		69D5F9002A4483B500EE8537 /* TimeMonitorUsingTimer.swift */ = {isa = PBXFileReference; lastKnownFileType = sourcecode.swift; path = TimeMonitorUsingTimer.swift; sourceTree = "<group>"; };
		69D5F9022A4483E200EE8537 /* TimeMonitorUsingDispatchQueue.swift */ = {isa = PBXFileReference; lastKnownFileType = sourcecode.swift; path = TimeMonitorUsingDispatchQueue.swift; sourceTree = "<group>"; };
		69D5F9052A44851200EE8537 /* LightProperty.swift */ = {isa = PBXFileReference; lastKnownFileType = sourcecode.swift; path = LightProperty.swift; sourceTree = "<group>"; };
		69D5F9072A448D3000EE8537 /* TimerMonitorUsingCombine.swift */ = {isa = PBXFileReference; lastKnownFileType = sourcecode.swift; path = TimerMonitorUsingCombine.swift; sourceTree = "<group>"; };
		69D5F9092A45A47D00EE8537 /* TrafficLightViewController+StartStop.swift */ = {isa = PBXFileReference; lastKnownFileType = sourcecode.swift; path = "TrafficLightViewController+StartStop.swift"; sourceTree = "<group>"; };
		69D5F90B2A45A6BD00EE8537 /* TrafficLightViewController+Observers.swift */ = {isa = PBXFileReference; lastKnownFileType = sourcecode.swift; path = "TrafficLightViewController+Observers.swift"; sourceTree = "<group>"; };
		69D5F90D2A45AEF300EE8537 /* TrafficLightViewModelTests.swift */ = {isa = PBXFileReference; lastKnownFileType = sourcecode.swift; path = TrafficLightViewModelTests.swift; sourceTree = "<group>"; };
		69D5F90F2A45B9EE00EE8537 /* README.md */ = {isa = PBXFileReference; lastKnownFileType = net.daringfireball.markdown; path = README.md; sourceTree = "<group>"; };
/* End PBXFileReference section */

/* Begin PBXFrameworksBuildPhase section */
		69D5F8B02A433A2A00EE8537 /* Frameworks */ = {
			isa = PBXFrameworksBuildPhase;
			buildActionMask = 2147483647;
			files = (
			);
			runOnlyForDeploymentPostprocessing = 0;
		};
		69D5F8C62A433A2D00EE8537 /* Frameworks */ = {
			isa = PBXFrameworksBuildPhase;
			buildActionMask = 2147483647;
			files = (
			);
			runOnlyForDeploymentPostprocessing = 0;
		};
		69D5F8D02A433A2D00EE8537 /* Frameworks */ = {
			isa = PBXFrameworksBuildPhase;
			buildActionMask = 2147483647;
			files = (
			);
			runOnlyForDeploymentPostprocessing = 0;
		};
/* End PBXFrameworksBuildPhase section */

/* Begin PBXGroup section */
		69D5F8AA2A433A2A00EE8537 = {
			isa = PBXGroup;
			children = (
				69D5F90F2A45B9EE00EE8537 /* README.md */,
				69D5F8B52A433A2A00EE8537 /* TrafficLight */,
				69D5F8CC2A433A2D00EE8537 /* TrafficLightTests */,
				69D5F8D62A433A2D00EE8537 /* TrafficLightUITests */,
				69D5F8B42A433A2A00EE8537 /* Products */,
			);
			sourceTree = "<group>";
		};
		69D5F8B42A433A2A00EE8537 /* Products */ = {
			isa = PBXGroup;
			children = (
				69D5F8B32A433A2A00EE8537 /* TrafficLight.app */,
				69D5F8C92A433A2D00EE8537 /* TrafficLightTests.xctest */,
				69D5F8D32A433A2D00EE8537 /* TrafficLightUITests.xctest */,
			);
			name = Products;
			sourceTree = "<group>";
		};
		69D5F8B52A433A2A00EE8537 /* TrafficLight */ = {
			isa = PBXGroup;
			children = (
				69D5F8F52A4380A500EE8537 /* Main */,
				69D5F8E62A43783F00EE8537 /* Screen1 */,
				69D5F8EE2A437EEB00EE8537 /* Screen2 */,
				69D5F8FA2A43AD0900EE8537 /* Utils */,
				69D5F8E72A43785700EE8537 /* Resources */,
				69D5F8C42A433A2D00EE8537 /* Info.plist */,
			);
			path = TrafficLight;
			sourceTree = "<group>";
		};
		69D5F8CC2A433A2D00EE8537 /* TrafficLightTests */ = {
			isa = PBXGroup;
			children = (
				69D5F90D2A45AEF300EE8537 /* TrafficLightViewModelTests.swift */,
				699E0E992A45BDD300BA69D7 /* CarViewModelTests.swift */,
			);
			path = TrafficLightTests;
			sourceTree = "<group>";
		};
		69D5F8D62A433A2D00EE8537 /* TrafficLightUITests */ = {
			isa = PBXGroup;
			children = (
				69D5F8D72A433A2D00EE8537 /* TrafficLightUITests.swift */,
				69D5F8D92A433A2D00EE8537 /* TrafficLightUITestsLaunchTests.swift */,
			);
			path = TrafficLightUITests;
			sourceTree = "<group>";
		};
		69D5F8E62A43783F00EE8537 /* Screen1 */ = {
			isa = PBXGroup;
			children = (
				69D5F8BA2A433A2A00EE8537 /* CarViewController.swift */,
				69D5F8EA2A4378FA00EE8537 /* CarViewModel.swift */,
				69D5F8EC2A437BD200EE8537 /* CarCoordinator.swift */,
			);
			path = Screen1;
			sourceTree = "<group>";
		};
		69D5F8E72A43785700EE8537 /* Resources */ = {
			isa = PBXGroup;
			children = (
				69D5F8BF2A433A2D00EE8537 /* Assets.xcassets */,
				69D5F8C12A433A2D00EE8537 /* LaunchScreen.storyboard */,
			);
			path = Resources;
			sourceTree = "<group>";
		};
		69D5F8EE2A437EEB00EE8537 /* Screen2 */ = {
			isa = PBXGroup;
			children = (
				69D5F9042A44848000EE8537 /* Light */,
				69D5F8FF2A44838100EE8537 /* TimeMonitor */,
				69D5F8EF2A437F0400EE8537 /* TrafficLightViewController+UI.swift */,
				69D5F90B2A45A6BD00EE8537 /* TrafficLightViewController+Observers.swift */,
				69D5F9092A45A47D00EE8537 /* TrafficLightViewController+StartStop.swift */,
				69D5F8F12A437F5300EE8537 /* TrafficLightViewModel.swift */,
				69D5F8F32A437F7900EE8537 /* TrafficLightCoordinator.swift */,
			);
			path = Screen2;
			sourceTree = "<group>";
		};
		69D5F8F52A4380A500EE8537 /* Main */ = {
			isa = PBXGroup;
			children = (
				69D5F8B62A433A2A00EE8537 /* AppDelegate.swift */,
				69D5F8F62A4380B900EE8537 /* AppCoordinator.swift */,
			);
			path = Main;
			sourceTree = "<group>";
		};
		69D5F8FA2A43AD0900EE8537 /* Utils */ = {
			isa = PBXGroup;
			children = (
				69D5F8FB2A43AD4500EE8537 /* Observable.swift */,
			);
			path = Utils;
			sourceTree = "<group>";
		};
		69D5F8FF2A44838100EE8537 /* TimeMonitor */ = {
			isa = PBXGroup;
			children = (
				69D5F8FD2A446BE900EE8537 /* TimeMonitor.swift */,
				69D5F9002A4483B500EE8537 /* TimeMonitorUsingTimer.swift */,
				69D5F9022A4483E200EE8537 /* TimeMonitorUsingDispatchQueue.swift */,
				69D5F9072A448D3000EE8537 /* TimerMonitorUsingCombine.swift */,
			);
			path = TimeMonitor;
			sourceTree = "<group>";
		};
		69D5F9042A44848000EE8537 /* Light */ = {
			isa = PBXGroup;
			children = (
				69D5F8F82A43942F00EE8537 /* CircleView.swift */,
				69D5F9052A44851200EE8537 /* LightProperty.swift */,
			);
			path = Light;
			sourceTree = "<group>";
		};
/* End PBXGroup section */

/* Begin PBXNativeTarget section */
		69D5F8B22A433A2A00EE8537 /* TrafficLight */ = {
			isa = PBXNativeTarget;
			buildConfigurationList = 69D5F8DD2A433A2D00EE8537 /* Build configuration list for PBXNativeTarget "TrafficLight" */;
			buildPhases = (
				69D5F8AF2A433A2A00EE8537 /* Sources */,
				69D5F8B02A433A2A00EE8537 /* Frameworks */,
				69D5F8B12A433A2A00EE8537 /* Resources */,
			);
			buildRules = (
			);
			dependencies = (
			);
			name = TrafficLight;
			productName = TrafficLight;
			productReference = 69D5F8B32A433A2A00EE8537 /* TrafficLight.app */;
			productType = "com.apple.product-type.application";
		};
		69D5F8C82A433A2D00EE8537 /* TrafficLightTests */ = {
			isa = PBXNativeTarget;
			buildConfigurationList = 69D5F8E02A433A2D00EE8537 /* Build configuration list for PBXNativeTarget "TrafficLightTests" */;
			buildPhases = (
				69D5F8C52A433A2D00EE8537 /* Sources */,
				69D5F8C62A433A2D00EE8537 /* Frameworks */,
				69D5F8C72A433A2D00EE8537 /* Resources */,
			);
			buildRules = (
			);
			dependencies = (
				69D5F8CB2A433A2D00EE8537 /* PBXTargetDependency */,
			);
			name = TrafficLightTests;
			productName = TrafficLightTests;
			productReference = 69D5F8C92A433A2D00EE8537 /* TrafficLightTests.xctest */;
			productType = "com.apple.product-type.bundle.unit-test";
		};
		69D5F8D22A433A2D00EE8537 /* TrafficLightUITests */ = {
			isa = PBXNativeTarget;
			buildConfigurationList = 69D5F8E32A433A2D00EE8537 /* Build configuration list for PBXNativeTarget "TrafficLightUITests" */;
			buildPhases = (
				69D5F8CF2A433A2D00EE8537 /* Sources */,
				69D5F8D02A433A2D00EE8537 /* Frameworks */,
				69D5F8D12A433A2D00EE8537 /* Resources */,
			);
			buildRules = (
			);
			dependencies = (
				69D5F8D52A433A2D00EE8537 /* PBXTargetDependency */,
			);
			name = TrafficLightUITests;
			productName = TrafficLightUITests;
			productReference = 69D5F8D32A433A2D00EE8537 /* TrafficLightUITests.xctest */;
			productType = "com.apple.product-type.bundle.ui-testing";
		};
/* End PBXNativeTarget section */

/* Begin PBXProject section */
		69D5F8AB2A433A2A00EE8537 /* Project object */ = {
			isa = PBXProject;
			attributes = {
				BuildIndependentTargetsInParallel = 1;
				LastSwiftUpdateCheck = 1420;
				LastUpgradeCheck = 1420;
				TargetAttributes = {
					69D5F8B22A433A2A00EE8537 = {
						CreatedOnToolsVersion = 14.2;
					};
					69D5F8C82A433A2D00EE8537 = {
						CreatedOnToolsVersion = 14.2;
						LastSwiftMigration = 1420;
						TestTargetID = 69D5F8B22A433A2A00EE8537;
					};
					69D5F8D22A433A2D00EE8537 = {
						CreatedOnToolsVersion = 14.2;
						TestTargetID = 69D5F8B22A433A2A00EE8537;
					};
				};
			};
			buildConfigurationList = 69D5F8AE2A433A2A00EE8537 /* Build configuration list for PBXProject "TrafficLight" */;
			compatibilityVersion = "Xcode 14.0";
			developmentRegion = en;
			hasScannedForEncodings = 0;
			knownRegions = (
				en,
				Base,
			);
			mainGroup = 69D5F8AA2A433A2A00EE8537;
			productRefGroup = 69D5F8B42A433A2A00EE8537 /* Products */;
			projectDirPath = "";
			projectRoot = "";
			targets = (
				69D5F8B22A433A2A00EE8537 /* TrafficLight */,
				69D5F8C82A433A2D00EE8537 /* TrafficLightTests */,
				69D5F8D22A433A2D00EE8537 /* TrafficLightUITests */,
			);
		};
/* End PBXProject section */

/* Begin PBXResourcesBuildPhase section */
		69D5F8B12A433A2A00EE8537 /* Resources */ = {
			isa = PBXResourcesBuildPhase;
			buildActionMask = 2147483647;
			files = (
				69D5F8C32A433A2D00EE8537 /* LaunchScreen.storyboard in Resources */,
				69D5F8C02A433A2D00EE8537 /* Assets.xcassets in Resources */,
			);
			runOnlyForDeploymentPostprocessing = 0;
		};
		69D5F8C72A433A2D00EE8537 /* Resources */ = {
			isa = PBXResourcesBuildPhase;
			buildActionMask = 2147483647;
			files = (
			);
			runOnlyForDeploymentPostprocessing = 0;
		};
		69D5F8D12A433A2D00EE8537 /* Resources */ = {
			isa = PBXResourcesBuildPhase;
			buildActionMask = 2147483647;
			files = (
			);
			runOnlyForDeploymentPostprocessing = 0;
		};
/* End PBXResourcesBuildPhase section */

/* Begin PBXSourcesBuildPhase section */
		69D5F8AF2A433A2A00EE8537 /* Sources */ = {
			isa = PBXSourcesBuildPhase;
			buildActionMask = 2147483647;
			files = (
				69D5F8F92A43942F00EE8537 /* CircleView.swift in Sources */,
				69D5F8BB2A433A2A00EE8537 /* CarViewController.swift in Sources */,
				69D5F8F02A437F0400EE8537 /* TrafficLightViewController+UI.swift in Sources */,
				69D5F8ED2A437BD200EE8537 /* CarCoordinator.swift in Sources */,
				69D5F9012A4483B500EE8537 /* TimeMonitorUsingTimer.swift in Sources */,
				69D5F90C2A45A6BD00EE8537 /* TrafficLightViewController+Observers.swift in Sources */,
				69D5F8EB2A4378FA00EE8537 /* CarViewModel.swift in Sources */,
				69D5F9032A4483E200EE8537 /* TimeMonitorUsingDispatchQueue.swift in Sources */,
				69D5F8FE2A446BE900EE8537 /* TimeMonitor.swift in Sources */,
				69D5F8F72A4380B900EE8537 /* AppCoordinator.swift in Sources */,
				69D5F8FC2A43AD4500EE8537 /* Observable.swift in Sources */,
				69D5F90A2A45A47D00EE8537 /* TrafficLightViewController+StartStop.swift in Sources */,
				69D5F9062A44851200EE8537 /* LightProperty.swift in Sources */,
				69D5F8B72A433A2A00EE8537 /* AppDelegate.swift in Sources */,
				69D5F8F22A437F5300EE8537 /* TrafficLightViewModel.swift in Sources */,
				69D5F8F42A437F7900EE8537 /* TrafficLightCoordinator.swift in Sources */,
				69D5F9082A448D3000EE8537 /* TimerMonitorUsingCombine.swift in Sources */,
			);
			runOnlyForDeploymentPostprocessing = 0;
		};
		69D5F8C52A433A2D00EE8537 /* Sources */ = {
			isa = PBXSourcesBuildPhase;
			buildActionMask = 2147483647;
			files = (
				69D5F90E2A45AEF300EE8537 /* TrafficLightViewModelTests.swift in Sources */,
				699E0E9A2A45BDD300BA69D7 /* CarViewModelTests.swift in Sources */,
			);
			runOnlyForDeploymentPostprocessing = 0;
		};
		69D5F8CF2A433A2D00EE8537 /* Sources */ = {
			isa = PBXSourcesBuildPhase;
			buildActionMask = 2147483647;
			files = (
				69D5F8D82A433A2D00EE8537 /* TrafficLightUITests.swift in Sources */,
				69D5F8DA2A433A2D00EE8537 /* TrafficLightUITestsLaunchTests.swift in Sources */,
			);
			runOnlyForDeploymentPostprocessing = 0;
		};
/* End PBXSourcesBuildPhase section */

/* Begin PBXTargetDependency section */
		69D5F8CB2A433A2D00EE8537 /* PBXTargetDependency */ = {
			isa = PBXTargetDependency;
			target = 69D5F8B22A433A2A00EE8537 /* TrafficLight */;
			targetProxy = 69D5F8CA2A433A2D00EE8537 /* PBXContainerItemProxy */;
		};
		69D5F8D52A433A2D00EE8537 /* PBXTargetDependency */ = {
			isa = PBXTargetDependency;
			target = 69D5F8B22A433A2A00EE8537 /* TrafficLight */;
			targetProxy = 69D5F8D42A433A2D00EE8537 /* PBXContainerItemProxy */;
		};
/* End PBXTargetDependency section */

/* Begin PBXVariantGroup section */
		69D5F8C12A433A2D00EE8537 /* LaunchScreen.storyboard */ = {
			isa = PBXVariantGroup;
			children = (
				69D5F8C22A433A2D00EE8537 /* Base */,
			);
			name = LaunchScreen.storyboard;
			sourceTree = "<group>";
		};
/* End PBXVariantGroup section */

/* Begin XCBuildConfiguration section */
		69D5F8DB2A433A2D00EE8537 /* Debug */ = {
			isa = XCBuildConfiguration;
			buildSettings = {
				ALWAYS_SEARCH_USER_PATHS = NO;
				CLANG_ANALYZER_NONNULL = YES;
				CLANG_ANALYZER_NUMBER_OBJECT_CONVERSION = YES_AGGRESSIVE;
				CLANG_CXX_LANGUAGE_STANDARD = "gnu++20";
				CLANG_ENABLE_MODULES = YES;
				CLANG_ENABLE_OBJC_ARC = YES;
				CLANG_ENABLE_OBJC_WEAK = YES;
				CLANG_WARN_BLOCK_CAPTURE_AUTORELEASING = YES;
				CLANG_WARN_BOOL_CONVERSION = YES;
				CLANG_WARN_COMMA = YES;
				CLANG_WARN_CONSTANT_CONVERSION = YES;
				CLANG_WARN_DEPRECATED_OBJC_IMPLEMENTATIONS = YES;
				CLANG_WARN_DIRECT_OBJC_ISA_USAGE = YES_ERROR;
				CLANG_WARN_DOCUMENTATION_COMMENTS = YES;
				CLANG_WARN_EMPTY_BODY = YES;
				CLANG_WARN_ENUM_CONVERSION = YES;
				CLANG_WARN_INFINITE_RECURSION = YES;
				CLANG_WARN_INT_CONVERSION = YES;
				CLANG_WARN_NON_LITERAL_NULL_CONVERSION = YES;
				CLANG_WARN_OBJC_IMPLICIT_RETAIN_SELF = YES;
				CLANG_WARN_OBJC_LITERAL_CONVERSION = YES;
				CLANG_WARN_OBJC_ROOT_CLASS = YES_ERROR;
				CLANG_WARN_QUOTED_INCLUDE_IN_FRAMEWORK_HEADER = YES;
				CLANG_WARN_RANGE_LOOP_ANALYSIS = YES;
				CLANG_WARN_STRICT_PROTOTYPES = YES;
				CLANG_WARN_SUSPICIOUS_MOVE = YES;
				CLANG_WARN_UNGUARDED_AVAILABILITY = YES_AGGRESSIVE;
				CLANG_WARN_UNREACHABLE_CODE = YES;
				CLANG_WARN__DUPLICATE_METHOD_MATCH = YES;
				COPY_PHASE_STRIP = NO;
				DEBUG_INFORMATION_FORMAT = dwarf;
				ENABLE_STRICT_OBJC_MSGSEND = YES;
				ENABLE_TESTABILITY = YES;
				GCC_C_LANGUAGE_STANDARD = gnu11;
				GCC_DYNAMIC_NO_PIC = NO;
				GCC_NO_COMMON_BLOCKS = YES;
				GCC_OPTIMIZATION_LEVEL = 0;
				GCC_PREPROCESSOR_DEFINITIONS = (
					"DEBUG=1",
					"$(inherited)",
				);
				GCC_WARN_64_TO_32_BIT_CONVERSION = YES;
				GCC_WARN_ABOUT_RETURN_TYPE = YES_ERROR;
				GCC_WARN_UNDECLARED_SELECTOR = YES;
				GCC_WARN_UNINITIALIZED_AUTOS = YES_AGGRESSIVE;
				GCC_WARN_UNUSED_FUNCTION = YES;
				GCC_WARN_UNUSED_VARIABLE = YES;
				IPHONEOS_DEPLOYMENT_TARGET = 16.2;
				MTL_ENABLE_DEBUG_INFO = INCLUDE_SOURCE;
				MTL_FAST_MATH = YES;
				ONLY_ACTIVE_ARCH = YES;
				SDKROOT = iphoneos;
				SWIFT_ACTIVE_COMPILATION_CONDITIONS = DEBUG;
				SWIFT_OPTIMIZATION_LEVEL = "-Onone";
			};
			name = Debug;
		};
		69D5F8DC2A433A2D00EE8537 /* Release */ = {
			isa = XCBuildConfiguration;
			buildSettings = {
				ALWAYS_SEARCH_USER_PATHS = NO;
				CLANG_ANALYZER_NONNULL = YES;
				CLANG_ANALYZER_NUMBER_OBJECT_CONVERSION = YES_AGGRESSIVE;
				CLANG_CXX_LANGUAGE_STANDARD = "gnu++20";
				CLANG_ENABLE_MODULES = YES;
				CLANG_ENABLE_OBJC_ARC = YES;
				CLANG_ENABLE_OBJC_WEAK = YES;
				CLANG_WARN_BLOCK_CAPTURE_AUTORELEASING = YES;
				CLANG_WARN_BOOL_CONVERSION = YES;
				CLANG_WARN_COMMA = YES;
				CLANG_WARN_CONSTANT_CONVERSION = YES;
				CLANG_WARN_DEPRECATED_OBJC_IMPLEMENTATIONS = YES;
				CLANG_WARN_DIRECT_OBJC_ISA_USAGE = YES_ERROR;
				CLANG_WARN_DOCUMENTATION_COMMENTS = YES;
				CLANG_WARN_EMPTY_BODY = YES;
				CLANG_WARN_ENUM_CONVERSION = YES;
				CLANG_WARN_INFINITE_RECURSION = YES;
				CLANG_WARN_INT_CONVERSION = YES;
				CLANG_WARN_NON_LITERAL_NULL_CONVERSION = YES;
				CLANG_WARN_OBJC_IMPLICIT_RETAIN_SELF = YES;
				CLANG_WARN_OBJC_LITERAL_CONVERSION = YES;
				CLANG_WARN_OBJC_ROOT_CLASS = YES_ERROR;
				CLANG_WARN_QUOTED_INCLUDE_IN_FRAMEWORK_HEADER = YES;
				CLANG_WARN_RANGE_LOOP_ANALYSIS = YES;
				CLANG_WARN_STRICT_PROTOTYPES = YES;
				CLANG_WARN_SUSPICIOUS_MOVE = YES;
				CLANG_WARN_UNGUARDED_AVAILABILITY = YES_AGGRESSIVE;
				CLANG_WARN_UNREACHABLE_CODE = YES;
				CLANG_WARN__DUPLICATE_METHOD_MATCH = YES;
				COPY_PHASE_STRIP = NO;
				DEBUG_INFORMATION_FORMAT = "dwarf-with-dsym";
				ENABLE_NS_ASSERTIONS = NO;
				ENABLE_STRICT_OBJC_MSGSEND = YES;
				GCC_C_LANGUAGE_STANDARD = gnu11;
				GCC_NO_COMMON_BLOCKS = YES;
				GCC_WARN_64_TO_32_BIT_CONVERSION = YES;
				GCC_WARN_ABOUT_RETURN_TYPE = YES_ERROR;
				GCC_WARN_UNDECLARED_SELECTOR = YES;
				GCC_WARN_UNINITIALIZED_AUTOS = YES_AGGRESSIVE;
				GCC_WARN_UNUSED_FUNCTION = YES;
				GCC_WARN_UNUSED_VARIABLE = YES;
				IPHONEOS_DEPLOYMENT_TARGET = 16.2;
				MTL_ENABLE_DEBUG_INFO = NO;
				MTL_FAST_MATH = YES;
				SDKROOT = iphoneos;
				SWIFT_COMPILATION_MODE = wholemodule;
				SWIFT_OPTIMIZATION_LEVEL = "-O";
				VALIDATE_PRODUCT = YES;
			};
			name = Release;
		};
		69D5F8DE2A433A2D00EE8537 /* Debug */ = {
			isa = XCBuildConfiguration;
			buildSettings = {
				ASSETCATALOG_COMPILER_APPICON_NAME = AppIcon;
				ASSETCATALOG_COMPILER_GLOBAL_ACCENT_COLOR_NAME = AccentColor;
				CODE_SIGN_STYLE = Automatic;
				CURRENT_PROJECT_VERSION = 1;
				DEVELOPMENT_TEAM = 9W59LRQG2S;
				GENERATE_INFOPLIST_FILE = YES;
				INFOPLIST_FILE = TrafficLight/Info.plist;
				INFOPLIST_KEY_UIApplicationSupportsIndirectInputEvents = YES;
				INFOPLIST_KEY_UILaunchStoryboardName = LaunchScreen;
				INFOPLIST_KEY_UISupportedInterfaceOrientations_iPad = "UIInterfaceOrientationPortrait UIInterfaceOrientationPortraitUpsideDown UIInterfaceOrientationLandscapeLeft UIInterfaceOrientationLandscapeRight";
				INFOPLIST_KEY_UISupportedInterfaceOrientations_iPhone = "UIInterfaceOrientationPortrait UIInterfaceOrientationLandscapeLeft UIInterfaceOrientationLandscapeRight";
				LD_RUNPATH_SEARCH_PATHS = (
					"$(inherited)",
					"@executable_path/Frameworks",
				);
				MARKETING_VERSION = 1.0;
				PRODUCT_BUNDLE_IDENTIFIER = com.chipbk10.TrafficLight;
				PRODUCT_NAME = "$(TARGET_NAME)";
				SWIFT_EMIT_LOC_STRINGS = YES;
				SWIFT_VERSION = 5.0;
				TARGETED_DEVICE_FAMILY = "1,2";
			};
			name = Debug;
		};
		69D5F8DF2A433A2D00EE8537 /* Release */ = {
			isa = XCBuildConfiguration;
			buildSettings = {
				ASSETCATALOG_COMPILER_APPICON_NAME = AppIcon;
				ASSETCATALOG_COMPILER_GLOBAL_ACCENT_COLOR_NAME = AccentColor;
				CODE_SIGN_STYLE = Automatic;
				CURRENT_PROJECT_VERSION = 1;
				DEVELOPMENT_TEAM = 9W59LRQG2S;
				GENERATE_INFOPLIST_FILE = YES;
				INFOPLIST_FILE = TrafficLight/Info.plist;
				INFOPLIST_KEY_UIApplicationSupportsIndirectInputEvents = YES;
				INFOPLIST_KEY_UILaunchStoryboardName = LaunchScreen;
				INFOPLIST_KEY_UISupportedInterfaceOrientations_iPad = "UIInterfaceOrientationPortrait UIInterfaceOrientationPortraitUpsideDown UIInterfaceOrientationLandscapeLeft UIInterfaceOrientationLandscapeRight";
				INFOPLIST_KEY_UISupportedInterfaceOrientations_iPhone = "UIInterfaceOrientationPortrait UIInterfaceOrientationLandscapeLeft UIInterfaceOrientationLandscapeRight";
				LD_RUNPATH_SEARCH_PATHS = (
					"$(inherited)",
					"@executable_path/Frameworks",
				);
				MARKETING_VERSION = 1.0;
				PRODUCT_BUNDLE_IDENTIFIER = com.chipbk10.TrafficLight;
				PRODUCT_NAME = "$(TARGET_NAME)";
				SWIFT_EMIT_LOC_STRINGS = YES;
				SWIFT_VERSION = 5.0;
				TARGETED_DEVICE_FAMILY = "1,2";
			};
			name = Release;
		};
		69D5F8E12A433A2D00EE8537 /* Debug */ = {
			isa = XCBuildConfiguration;
			buildSettings = {
				ALWAYS_EMBED_SWIFT_STANDARD_LIBRARIES = YES;
				BUNDLE_LOADER = "$(TEST_HOST)";
				CLANG_ENABLE_MODULES = YES;
				CODE_SIGN_STYLE = Automatic;
				CURRENT_PROJECT_VERSION = 1;
				DEVELOPMENT_TEAM = 9W59LRQG2S;
				GENERATE_INFOPLIST_FILE = YES;
				IPHONEOS_DEPLOYMENT_TARGET = 16.2;
				LD_RUNPATH_SEARCH_PATHS = (
					"$(inherited)",
					"@executable_path/Frameworks",
					"@loader_path/Frameworks",
				);
				MARKETING_VERSION = 1.0;
				PRODUCT_BUNDLE_IDENTIFIER = com.chipbk10.TrafficLightTests;
				PRODUCT_NAME = "$(TARGET_NAME)";
				SWIFT_EMIT_LOC_STRINGS = NO;
				SWIFT_OPTIMIZATION_LEVEL = "-Onone";
				SWIFT_VERSION = 5.0;
				TARGETED_DEVICE_FAMILY = "1,2";
				TEST_HOST = "$(BUILT_PRODUCTS_DIR)/TrafficLight.app/$(BUNDLE_EXECUTABLE_FOLDER_PATH)/TrafficLight";
			};
			name = Debug;
		};
		69D5F8E22A433A2D00EE8537 /* Release */ = {
			isa = XCBuildConfiguration;
			buildSettings = {
				ALWAYS_EMBED_SWIFT_STANDARD_LIBRARIES = YES;
				BUNDLE_LOADER = "$(TEST_HOST)";
				CLANG_ENABLE_MODULES = YES;
				CODE_SIGN_STYLE = Automatic;
				CURRENT_PROJECT_VERSION = 1;
				DEVELOPMENT_TEAM = 9W59LRQG2S;
				GENERATE_INFOPLIST_FILE = YES;
				IPHONEOS_DEPLOYMENT_TARGET = 16.2;
				LD_RUNPATH_SEARCH_PATHS = (
					"$(inherited)",
					"@executable_path/Frameworks",
					"@loader_path/Frameworks",
				);
				MARKETING_VERSION = 1.0;
				PRODUCT_BUNDLE_IDENTIFIER = com.chipbk10.TrafficLightTests;
				PRODUCT_NAME = "$(TARGET_NAME)";
				SWIFT_EMIT_LOC_STRINGS = NO;
				SWIFT_VERSION = 5.0;
				TARGETED_DEVICE_FAMILY = "1,2";
				TEST_HOST = "$(BUILT_PRODUCTS_DIR)/TrafficLight.app/$(BUNDLE_EXECUTABLE_FOLDER_PATH)/TrafficLight";
			};
			name = Release;
		};
		69D5F8E42A433A2D00EE8537 /* Debug */ = {
			isa = XCBuildConfiguration;
			buildSettings = {
				ALWAYS_EMBED_SWIFT_STANDARD_LIBRARIES = YES;
				CODE_SIGN_STYLE = Automatic;
				CURRENT_PROJECT_VERSION = 1;
				DEVELOPMENT_TEAM = 9W59LRQG2S;
				GENERATE_INFOPLIST_FILE = YES;
				MARKETING_VERSION = 1.0;
				PRODUCT_BUNDLE_IDENTIFIER = com.chipbk10.TrafficLightUITests;
				PRODUCT_NAME = "$(TARGET_NAME)";
				SWIFT_EMIT_LOC_STRINGS = NO;
				SWIFT_VERSION = 5.0;
				TARGETED_DEVICE_FAMILY = "1,2";
				TEST_TARGET_NAME = TrafficLight;
			};
			name = Debug;
		};
		69D5F8E52A433A2D00EE8537 /* Release */ = {
			isa = XCBuildConfiguration;
			buildSettings = {
				ALWAYS_EMBED_SWIFT_STANDARD_LIBRARIES = YES;
				CODE_SIGN_STYLE = Automatic;
				CURRENT_PROJECT_VERSION = 1;
				DEVELOPMENT_TEAM = 9W59LRQG2S;
				GENERATE_INFOPLIST_FILE = YES;
				MARKETING_VERSION = 1.0;
				PRODUCT_BUNDLE_IDENTIFIER = com.chipbk10.TrafficLightUITests;
				PRODUCT_NAME = "$(TARGET_NAME)";
				SWIFT_EMIT_LOC_STRINGS = NO;
				SWIFT_VERSION = 5.0;
				TARGETED_DEVICE_FAMILY = "1,2";
				TEST_TARGET_NAME = TrafficLight;
			};
			name = Release;
		};
/* End XCBuildConfiguration section */

/* Begin XCConfigurationList section */
		69D5F8AE2A433A2A00EE8537 /* Build configuration list for PBXProject "TrafficLight" */ = {
			isa = XCConfigurationList;
			buildConfigurations = (
				69D5F8DB2A433A2D00EE8537 /* Debug */,
				69D5F8DC2A433A2D00EE8537 /* Release */,
			);
			defaultConfigurationIsVisible = 0;
			defaultConfigurationName = Release;
		};
		69D5F8DD2A433A2D00EE8537 /* Build configuration list for PBXNativeTarget "TrafficLight" */ = {
			isa = XCConfigurationList;
			buildConfigurations = (
				69D5F8DE2A433A2D00EE8537 /* Debug */,
				69D5F8DF2A433A2D00EE8537 /* Release */,
			);
			defaultConfigurationIsVisible = 0;
			defaultConfigurationName = Release;
		};
		69D5F8E02A433A2D00EE8537 /* Build configuration list for PBXNativeTarget "TrafficLightTests" */ = {
			isa = XCConfigurationList;
			buildConfigurations = (
				69D5F8E12A433A2D00EE8537 /* Debug */,
				69D5F8E22A433A2D00EE8537 /* Release */,
			);
			defaultConfigurationIsVisible = 0;
			defaultConfigurationName = Release;
		};
		69D5F8E32A433A2D00EE8537 /* Build configuration list for PBXNativeTarget "TrafficLightUITests" */ = {
			isa = XCConfigurationList;
			buildConfigurations = (
				69D5F8E42A433A2D00EE8537 /* Debug */,
				69D5F8E52A433A2D00EE8537 /* Release */,
			);
			defaultConfigurationIsVisible = 0;
			defaultConfigurationName = Release;
		};
/* End XCConfigurationList section */
	};
	rootObject = 69D5F8AB2A433A2A00EE8537 /* Project object */;
}
